<?xml version="1.0" encoding="utf-8"?>
<Project ToolsVersion="4.0" xmlns="http://schemas.microsoft.com/developer/msbuild/2003">
  <ItemGroup>
    <Filter Include="00.MainApp">
      <UniqueIdentifier>{59520129-20c4-4e6e-9401-50a4067d2712}</UniqueIdentifier>
    </Filter>
    <Filter Include="99.Headers">
      <UniqueIdentifier>{d08c48da-4dc3-4224-8e27-0147924f1636}</UniqueIdentifier>
    </Filter>
    <Filter Include="01.DefaultObj">
      <UniqueIdentifier>{8884c3d9-b733-491b-b349-369422f5a40f}</UniqueIdentifier>
    </Filter>
    <Filter Include="ShaderFiles">
      <UniqueIdentifier>{e99b9b44-ecd9-49f4-adc3-9e80038234c8}</UniqueIdentifier>
    </Filter>
    <Filter Include="98.ForServer">
      <UniqueIdentifier>{67c7b3e4-f2e8-4647-bb0d-72e66bd62d95}</UniqueIdentifier>
    </Filter>
    <Filter Include="98.ForServer\PacketHandler">
      <UniqueIdentifier>{29ae482e-6f93-4a6d-a701-5d1beddb0302}</UniqueIdentifier>
    </Filter>
    <Filter Include="98.ForServer\ServiceManager">
      <UniqueIdentifier>{047f567c-a63d-4219-a763-da5eb22dad51}</UniqueIdentifier>
    </Filter>
    <Filter Include="Pch">
      <UniqueIdentifier>{54307f49-d29f-4c94-8e6c-adde1d706f31}</UniqueIdentifier>
    </Filter>
    <Filter Include="98.ForServer\ServerSession">
      <UniqueIdentifier>{3120e70d-9dfa-4688-aca0-7d574fafbe48}</UniqueIdentifier>
    </Filter>
  </ItemGroup>
  <ItemGroup>
    <ClInclude Include="..\public\Client_Defines.h">
      <Filter>99.Headers</Filter>
    </ClInclude>
    <ClInclude Include="..\public\MainApp.h">
      <Filter>00.MainApp</Filter>
    </ClInclude>
    <ClInclude Include="..\public\DefaultObj.h">
      <Filter>01.DefaultObj</Filter>
    </ClInclude>
    <ClInclude Include="..\public\Client_pch.h">
      <Filter>Pch</Filter>
    </ClInclude>
    <ClInclude Include="..\public\Client_Globals.h" />
    <ClInclude Include="..\public\ServiceManager.h">
      <Filter>98.ForServer\ServiceManager</Filter>
    </ClInclude>
    <ClInclude Include="..\public\ClientPacketHandler.h">
      <Filter>98.ForServer\PacketHandler</Filter>
    </ClInclude>
    <ClInclude Include="..\public\ServerSession.h">
      <Filter>98.ForServer\ServerSession</Filter>
    </ClInclude>
  </ItemGroup>
  <ItemGroup>
    <ClCompile Include="..\private\MainApp.cpp">
      <Filter>00.MainApp</Filter>
    </ClCompile>
    <ClCompile Include="..\private\DefaultObj.cpp">
      <Filter>01.DefaultObj</Filter>
    </ClCompile>
    <ClCompile Include="..\private\Client_pch.cpp">
      <Filter>Pch</Filter>
    </ClCompile>
    <ClCompile Include="..\public\Client_Globals.cpp" />
    <ClCompile Include="..\private\ServiceManager.cpp">
      <Filter>98.ForServer\ServiceManager</Filter>
    </ClCompile>
    <ClCompile Include="..\private\ClientPacketHandler.cpp">
      <Filter>98.ForServer\PacketHandler</Filter>
    </ClCompile>
    <ClCompile Include="..\private\ServerSession.cpp">
      <Filter>98.ForServer\ServerSession</Filter>
    </ClCompile>
  </ItemGroup>
  <ItemGroup>
    <Text Include="TextDocs\Client_Server_Flow.txt">
      <Filter>98.ForServer</Filter>
    </Text>
    <Text Include="TextDocs\ToDoList_Server.txt">
      <Filter>98.ForServer</Filter>
    </Text>
  </ItemGroup>
</Project>